// !$*UTF8*$!
{
	archiveVersion = 1;
	classes = {
	};
	objectVersion = 56;
	objects = {

/* Begin PBXBuildFile section */
		C56D5B1A299EACD1002D10EE /* TrackerApp.swift in Sources */ = {isa = PBXBuildFile; fileRef = C56D5B19299EACD1002D10EE /* TrackerApp.swift */; };
		C56D5B1C299EACD1002D10EE /* ContentView.swift in Sources */ = {isa = PBXBuildFile; fileRef = C56D5B1B299EACD1002D10EE /* ContentView.swift */; };
		C56D5B1E299EACD3002D10EE /* Assets.xcassets in Resources */ = {isa = PBXBuildFile; fileRef = C56D5B1D299EACD3002D10EE /* Assets.xcassets */; };
		C56D5B21299EACD3002D10EE /* Preview Assets.xcassets in Resources */ = {isa = PBXBuildFile; fileRef = C56D5B20299EACD3002D10EE /* Preview Assets.xcassets */; };
		C56D5B23299EACD3002D10EE /* Persistence.swift in Sources */ = {isa = PBXBuildFile; fileRef = C56D5B22299EACD3002D10EE /* Persistence.swift */; };
		C56D5B26299EACD3002D10EE /* Tracker.xcdatamodeld in Sources */ = {isa = PBXBuildFile; fileRef = C56D5B24299EACD3002D10EE /* Tracker.xcdatamodeld */; };
		C575578F29A9B20E002D7F3B /* EventFetcher.swift in Sources */ = {isa = PBXBuildFile; fileRef = C575578E29A9B20E002D7F3B /* EventFetcher.swift */; };
		C575579129AAE17D002D7F3B /* TodoListView.swift in Sources */ = {isa = PBXBuildFile; fileRef = C575579029AAE17D002D7F3B /* TodoListView.swift */; };
		C575579329AAE1F1002D7F3B /* EKReminder+Extensions.swift in Sources */ = {isa = PBXBuildFile; fileRef = C575579229AAE1F1002D7F3B /* EKReminder+Extensions.swift */; };
		C5A715CD29ABED4B007D9533 /* Fakery in Frameworks */ = {isa = PBXBuildFile; productRef = C5A715CC29ABED4B007D9533 /* Fakery */; };
		C5DC2E38299EE9A90086DD55 /* TimerRowView.swift in Sources */ = {isa = PBXBuildFile; fileRef = C5DC2E37299EE9A90086DD55 /* TimerRowView.swift */; };
		C5DC2E3A299EEAF60086DD55 /* CircleProgressView.swift in Sources */ = {isa = PBXBuildFile; fileRef = C5DC2E39299EEAF60086DD55 /* CircleProgressView.swift */; };
		C5DC2E3C29A006A70086DD55 /* client_372766328616-mjshhrrim80d76e58l7eej21f6987rk0.apps.googleusercontent.com.plist in Resources */ = {isa = PBXBuildFile; fileRef = C5DC2E3B29A006A70086DD55 /* client_372766328616-mjshhrrim80d76e58l7eej21f6987rk0.apps.googleusercontent.com.plist */; };
		C5DC2E3F29A0197F0086DD55 /* GoogleAPIClientForREST_Calendar in Frameworks */ = {isa = PBXBuildFile; productRef = C5DC2E3E29A0197F0086DD55 /* GoogleAPIClientForREST_Calendar */; };
		C5DC2E4229A0296B0086DD55 /* GoogleSignIn in Frameworks */ = {isa = PBXBuildFile; productRef = C5DC2E4129A0296B0086DD55 /* GoogleSignIn */; };
		C5DC2E4429A0296B0086DD55 /* GoogleSignInSwift in Frameworks */ = {isa = PBXBuildFile; productRef = C5DC2E4329A0296B0086DD55 /* GoogleSignInSwift */; };
/* End PBXBuildFile section */

/* Begin PBXFileReference section */
		C56D5B16299EACD1002D10EE /* Tracker.app */ = {isa = PBXFileReference; explicitFileType = wrapper.application; includeInIndex = 0; path = Tracker.app; sourceTree = BUILT_PRODUCTS_DIR; };
		C56D5B19299EACD1002D10EE /* TrackerApp.swift */ = {isa = PBXFileReference; lastKnownFileType = sourcecode.swift; path = TrackerApp.swift; sourceTree = "<group>"; };
		C56D5B1B299EACD1002D10EE /* ContentView.swift */ = {isa = PBXFileReference; lastKnownFileType = sourcecode.swift; path = ContentView.swift; sourceTree = "<group>"; };
		C56D5B1D299EACD3002D10EE /* Assets.xcassets */ = {isa = PBXFileReference; lastKnownFileType = folder.assetcatalog; path = Assets.xcassets; sourceTree = "<group>"; };
		C56D5B20299EACD3002D10EE /* Preview Assets.xcassets */ = {isa = PBXFileReference; lastKnownFileType = folder.assetcatalog; path = "Preview Assets.xcassets"; sourceTree = "<group>"; };
		C56D5B22299EACD3002D10EE /* Persistence.swift */ = {isa = PBXFileReference; lastKnownFileType = sourcecode.swift; path = Persistence.swift; sourceTree = "<group>"; };
		C56D5B25299EACD3002D10EE /* Tracker.xcdatamodel */ = {isa = PBXFileReference; lastKnownFileType = wrapper.xcdatamodel; path = Tracker.xcdatamodel; sourceTree = "<group>"; };
		C575578E29A9B20E002D7F3B /* EventFetcher.swift */ = {isa = PBXFileReference; lastKnownFileType = sourcecode.swift; path = EventFetcher.swift; sourceTree = "<group>"; };
		C575579029AAE17D002D7F3B /* TodoListView.swift */ = {isa = PBXFileReference; lastKnownFileType = sourcecode.swift; path = TodoListView.swift; sourceTree = "<group>"; };
		C575579229AAE1F1002D7F3B /* EKReminder+Extensions.swift */ = {isa = PBXFileReference; lastKnownFileType = sourcecode.swift; path = "EKReminder+Extensions.swift"; sourceTree = "<group>"; };
		C5DC2E37299EE9A90086DD55 /* TimerRowView.swift */ = {isa = PBXFileReference; lastKnownFileType = sourcecode.swift; path = TimerRowView.swift; sourceTree = "<group>"; };
		C5DC2E39299EEAF60086DD55 /* CircleProgressView.swift */ = {isa = PBXFileReference; lastKnownFileType = sourcecode.swift; path = CircleProgressView.swift; sourceTree = "<group>"; };
		C5DC2E3B29A006A70086DD55 /* client_372766328616-mjshhrrim80d76e58l7eej21f6987rk0.apps.googleusercontent.com.plist */ = {isa = PBXFileReference; fileEncoding = 4; lastKnownFileType = text.plist.xml; path = "client_372766328616-mjshhrrim80d76e58l7eej21f6987rk0.apps.googleusercontent.com.plist"; sourceTree = "<group>"; };
		C5DC2E4529A039450086DD55 /* Info.plist */ = {isa = PBXFileReference; lastKnownFileType = text.plist; path = Info.plist; sourceTree = "<group>"; };
/* End PBXFileReference section */

/* Begin PBXFrameworksBuildPhase section */
		C56D5B13299EACD1002D10EE /* Frameworks */ = {
			isa = PBXFrameworksBuildPhase;
			buildActionMask = 2147483647;
			files = (
				C5A715CD29ABED4B007D9533 /* Fakery in Frameworks */,
				C5DC2E4429A0296B0086DD55 /* GoogleSignInSwift in Frameworks */,
				C5DC2E3F29A0197F0086DD55 /* GoogleAPIClientForREST_Calendar in Frameworks */,
				C5DC2E4229A0296B0086DD55 /* GoogleSignIn in Frameworks */,
			);
			runOnlyForDeploymentPostprocessing = 0;
		};
/* End PBXFrameworksBuildPhase section */

/* Begin PBXGroup section */
		C56D5B0D299EACD1002D10EE = {
			isa = PBXGroup;
			children = (
				C56D5B18299EACD1002D10EE /* Tracker */,
				C56D5B17299EACD1002D10EE /* Products */,
			);
			sourceTree = "<group>";
		};
		C56D5B17299EACD1002D10EE /* Products */ = {
			isa = PBXGroup;
			children = (
				C56D5B16299EACD1002D10EE /* Tracker.app */,
			);
			name = Products;
			sourceTree = "<group>";
		};
		C56D5B18299EACD1002D10EE /* Tracker */ = {
			isa = PBXGroup;
			children = (
				C5DC2E4529A039450086DD55 /* Info.plist */,
				C5E2A96B29A0427A007E4D3B /* Model */,
				C56D5B19299EACD1002D10EE /* TrackerApp.swift */,
				C5DC2E35299EE9360086DD55 /* View */,
				C56D5B1D299EACD3002D10EE /* Assets.xcassets */,
				C56D5B22299EACD3002D10EE /* Persistence.swift */,
				C56D5B24299EACD3002D10EE /* Tracker.xcdatamodeld */,
				C5DC2E3B29A006A70086DD55 /* client_372766328616-mjshhrrim80d76e58l7eej21f6987rk0.apps.googleusercontent.com.plist */,
				C56D5B1F299EACD3002D10EE /* Preview Content */,
			);
			path = Tracker;
			sourceTree = "<group>";
		};
		C56D5B1F299EACD3002D10EE /* Preview Content */ = {
			isa = PBXGroup;
			children = (
				C56D5B20299EACD3002D10EE /* Preview Assets.xcassets */,
			);
			path = "Preview Content";
			sourceTree = "<group>";
		};
		C5DC2E35299EE9360086DD55 /* View */ = {
			isa = PBXGroup;
			children = (
				C56D5B1B299EACD1002D10EE /* ContentView.swift */,
				C5DC2E37299EE9A90086DD55 /* TimerRowView.swift */,
				C5DC2E39299EEAF60086DD55 /* CircleProgressView.swift */,
				C575579029AAE17D002D7F3B /* TodoListView.swift */,
			);
			path = View;
			sourceTree = "<group>";
		};
		C5E2A96B29A0427A007E4D3B /* Model */ = {
			isa = PBXGroup;
			children = (
				C575578E29A9B20E002D7F3B /* EventFetcher.swift */,
				C575579229AAE1F1002D7F3B /* EKReminder+Extensions.swift */,
			);
			path = Model;
			sourceTree = "<group>";
		};
/* End PBXGroup section */

/* Begin PBXNativeTarget section */
		C56D5B15299EACD1002D10EE /* Tracker */ = {
			isa = PBXNativeTarget;
			buildConfigurationList = C56D5B29299EACD3002D10EE /* Build configuration list for PBXNativeTarget "Tracker" */;
			buildPhases = (
				C56D5B12299EACD1002D10EE /* Sources */,
				C56D5B13299EACD1002D10EE /* Frameworks */,
				C56D5B14299EACD1002D10EE /* Resources */,
			);
			buildRules = (
			);
			dependencies = (
			);
			name = Tracker;
			packageProductDependencies = (
				C5DC2E3E29A0197F0086DD55 /* GoogleAPIClientForREST_Calendar */,
				C5DC2E4129A0296B0086DD55 /* GoogleSignIn */,
				C5DC2E4329A0296B0086DD55 /* GoogleSignInSwift */,
				C5A715CC29ABED4B007D9533 /* Fakery */,
			);
			productName = Tracker;
			productReference = C56D5B16299EACD1002D10EE /* Tracker.app */;
			productType = "com.apple.product-type.application";
		};
/* End PBXNativeTarget section */

/* Begin PBXProject section */
		C56D5B0E299EACD1002D10EE /* Project object */ = {
			isa = PBXProject;
			attributes = {
				BuildIndependentTargetsInParallel = 1;
				LastSwiftUpdateCheck = 1420;
				LastUpgradeCheck = 1420;
				TargetAttributes = {
					C56D5B15299EACD1002D10EE = {
						CreatedOnToolsVersion = 14.2;
					};
				};
			};
			buildConfigurationList = C56D5B11299EACD1002D10EE /* Build configuration list for PBXProject "Tracker" */;
			compatibilityVersion = "Xcode 14.0";
			developmentRegion = en;
			hasScannedForEncodings = 0;
			knownRegions = (
				en,
				Base,
			);
			mainGroup = C56D5B0D299EACD1002D10EE;
			packageReferences = (
				C5DC2E3D29A0197F0086DD55 /* XCRemoteSwiftPackageReference "google-api-objectivec-client-for-rest" */,
				C5DC2E4029A0296B0086DD55 /* XCRemoteSwiftPackageReference "GoogleSignIn-iOS" */,
				C5A715CB29ABED4B007D9533 /* XCRemoteSwiftPackageReference "Fakery" */,
			);
			productRefGroup = C56D5B17299EACD1002D10EE /* Products */;
			projectDirPath = "";
			projectRoot = "";
			targets = (
				C56D5B15299EACD1002D10EE /* Tracker */,
			);
		};
/* End PBXProject section */

/* Begin PBXResourcesBuildPhase section */
		C56D5B14299EACD1002D10EE /* Resources */ = {
			isa = PBXResourcesBuildPhase;
			buildActionMask = 2147483647;
			files = (
				C56D5B21299EACD3002D10EE /* Preview Assets.xcassets in Resources */,
				C56D5B1E299EACD3002D10EE /* Assets.xcassets in Resources */,
				C5DC2E3C29A006A70086DD55 /* client_372766328616-mjshhrrim80d76e58l7eej21f6987rk0.apps.googleusercontent.com.plist in Resources */,
			);
			runOnlyForDeploymentPostprocessing = 0;
		};
/* End PBXResourcesBuildPhase section */

/* Begin PBXSourcesBuildPhase section */
		C56D5B12299EACD1002D10EE /* Sources */ = {
			isa = PBXSourcesBuildPhase;
			buildActionMask = 2147483647;
			files = (
				C575578F29A9B20E002D7F3B /* EventFetcher.swift in Sources */,
				C5DC2E38299EE9A90086DD55 /* TimerRowView.swift in Sources */,
				C575579129AAE17D002D7F3B /* TodoListView.swift in Sources */,
				C56D5B26299EACD3002D10EE /* Tracker.xcdatamodeld in Sources */,
				C56D5B23299EACD3002D10EE /* Persistence.swift in Sources */,
				C56D5B1C299EACD1002D10EE /* ContentView.swift in Sources */,
				C56D5B1A299EACD1002D10EE /* TrackerApp.swift in Sources */,
				C575579329AAE1F1002D7F3B /* EKReminder+Extensions.swift in Sources */,
				C5DC2E3A299EEAF60086DD55 /* CircleProgressView.swift in Sources */,
			);
			runOnlyForDeploymentPostprocessing = 0;
		};
/* End PBXSourcesBuildPhase section */

/* Begin XCBuildConfiguration section */
		C56D5B27299EACD3002D10EE /* Debug */ = {
			isa = XCBuildConfiguration;
			buildSettings = {
				ALWAYS_SEARCH_USER_PATHS = NO;
				CLANG_ANALYZER_NONNULL = YES;
				CLANG_ANALYZER_NUMBER_OBJECT_CONVERSION = YES_AGGRESSIVE;
				CLANG_CXX_LANGUAGE_STANDARD = "gnu++20";
				CLANG_ENABLE_MODULES = YES;
				CLANG_ENABLE_OBJC_ARC = YES;
				CLANG_ENABLE_OBJC_WEAK = YES;
				CLANG_WARN_BLOCK_CAPTURE_AUTORELEASING = YES;
				CLANG_WARN_BOOL_CONVERSION = YES;
				CLANG_WARN_COMMA = YES;
				CLANG_WARN_CONSTANT_CONVERSION = YES;
				CLANG_WARN_DEPRECATED_OBJC_IMPLEMENTATIONS = YES;
				CLANG_WARN_DIRECT_OBJC_ISA_USAGE = YES_ERROR;
				CLANG_WARN_DOCUMENTATION_COMMENTS = YES;
				CLANG_WARN_EMPTY_BODY = YES;
				CLANG_WARN_ENUM_CONVERSION = YES;
				CLANG_WARN_INFINITE_RECURSION = YES;
				CLANG_WARN_INT_CONVERSION = YES;
				CLANG_WARN_NON_LITERAL_NULL_CONVERSION = YES;
				CLANG_WARN_OBJC_IMPLICIT_RETAIN_SELF = YES;
				CLANG_WARN_OBJC_LITERAL_CONVERSION = YES;
				CLANG_WARN_OBJC_ROOT_CLASS = YES_ERROR;
				CLANG_WARN_QUOTED_INCLUDE_IN_FRAMEWORK_HEADER = YES;
				CLANG_WARN_RANGE_LOOP_ANALYSIS = YES;
				CLANG_WARN_STRICT_PROTOTYPES = YES;
				CLANG_WARN_SUSPICIOUS_MOVE = YES;
				CLANG_WARN_UNGUARDED_AVAILABILITY = YES_AGGRESSIVE;
				CLANG_WARN_UNREACHABLE_CODE = YES;
				CLANG_WARN__DUPLICATE_METHOD_MATCH = YES;
				COPY_PHASE_STRIP = NO;
				DEBUG_INFORMATION_FORMAT = dwarf;
				ENABLE_STRICT_OBJC_MSGSEND = YES;
				ENABLE_TESTABILITY = YES;
				GCC_C_LANGUAGE_STANDARD = gnu11;
				GCC_DYNAMIC_NO_PIC = NO;
				GCC_NO_COMMON_BLOCKS = YES;
				GCC_OPTIMIZATION_LEVEL = 0;
				GCC_PREPROCESSOR_DEFINITIONS = (
					"DEBUG=1",
					"$(inherited)",
				);
				GCC_WARN_64_TO_32_BIT_CONVERSION = YES;
				GCC_WARN_ABOUT_RETURN_TYPE = YES_ERROR;
				GCC_WARN_UNDECLARED_SELECTOR = YES;
				GCC_WARN_UNINITIALIZED_AUTOS = YES_AGGRESSIVE;
				GCC_WARN_UNUSED_FUNCTION = YES;
				GCC_WARN_UNUSED_VARIABLE = YES;
				IPHONEOS_DEPLOYMENT_TARGET = 16.2;
				MTL_ENABLE_DEBUG_INFO = INCLUDE_SOURCE;
				MTL_FAST_MATH = YES;
				ONLY_ACTIVE_ARCH = YES;
				SDKROOT = iphoneos;
				SWIFT_ACTIVE_COMPILATION_CONDITIONS = DEBUG;
				SWIFT_OPTIMIZATION_LEVEL = "-Onone";
			};
			name = Debug;
		};
		C56D5B28299EACD3002D10EE /* Release */ = {
			isa = XCBuildConfiguration;
			buildSettings = {
				ALWAYS_SEARCH_USER_PATHS = NO;
				CLANG_ANALYZER_NONNULL = YES;
				CLANG_ANALYZER_NUMBER_OBJECT_CONVERSION = YES_AGGRESSIVE;
				CLANG_CXX_LANGUAGE_STANDARD = "gnu++20";
				CLANG_ENABLE_MODULES = YES;
				CLANG_ENABLE_OBJC_ARC = YES;
				CLANG_ENABLE_OBJC_WEAK = YES;
				CLANG_WARN_BLOCK_CAPTURE_AUTORELEASING = YES;
				CLANG_WARN_BOOL_CONVERSION = YES;
				CLANG_WARN_COMMA = YES;
				CLANG_WARN_CONSTANT_CONVERSION = YES;
				CLANG_WARN_DEPRECATED_OBJC_IMPLEMENTATIONS = YES;
				CLANG_WARN_DIRECT_OBJC_ISA_USAGE = YES_ERROR;
				CLANG_WARN_DOCUMENTATION_COMMENTS = YES;
				CLANG_WARN_EMPTY_BODY = YES;
				CLANG_WARN_ENUM_CONVERSION = YES;
				CLANG_WARN_INFINITE_RECURSION = YES;
				CLANG_WARN_INT_CONVERSION = YES;
				CLANG_WARN_NON_LITERAL_NULL_CONVERSION = YES;
				CLANG_WARN_OBJC_IMPLICIT_RETAIN_SELF = YES;
				CLANG_WARN_OBJC_LITERAL_CONVERSION = YES;
				CLANG_WARN_OBJC_ROOT_CLASS = YES_ERROR;
				CLANG_WARN_QUOTED_INCLUDE_IN_FRAMEWORK_HEADER = YES;
				CLANG_WARN_RANGE_LOOP_ANALYSIS = YES;
				CLANG_WARN_STRICT_PROTOTYPES = YES;
				CLANG_WARN_SUSPICIOUS_MOVE = YES;
				CLANG_WARN_UNGUARDED_AVAILABILITY = YES_AGGRESSIVE;
				CLANG_WARN_UNREACHABLE_CODE = YES;
				CLANG_WARN__DUPLICATE_METHOD_MATCH = YES;
				COPY_PHASE_STRIP = NO;
				DEBUG_INFORMATION_FORMAT = "dwarf-with-dsym";
				ENABLE_NS_ASSERTIONS = NO;
				ENABLE_STRICT_OBJC_MSGSEND = YES;
				GCC_C_LANGUAGE_STANDARD = gnu11;
				GCC_NO_COMMON_BLOCKS = YES;
				GCC_WARN_64_TO_32_BIT_CONVERSION = YES;
				GCC_WARN_ABOUT_RETURN_TYPE = YES_ERROR;
				GCC_WARN_UNDECLARED_SELECTOR = YES;
				GCC_WARN_UNINITIALIZED_AUTOS = YES_AGGRESSIVE;
				GCC_WARN_UNUSED_FUNCTION = YES;
				GCC_WARN_UNUSED_VARIABLE = YES;
				IPHONEOS_DEPLOYMENT_TARGET = 16.2;
				MTL_ENABLE_DEBUG_INFO = NO;
				MTL_FAST_MATH = YES;
				SDKROOT = iphoneos;
				SWIFT_COMPILATION_MODE = wholemodule;
				SWIFT_OPTIMIZATION_LEVEL = "-O";
				VALIDATE_PRODUCT = YES;
			};
			name = Release;
		};
		C56D5B2A299EACD3002D10EE /* Debug */ = {
			isa = XCBuildConfiguration;
			buildSettings = {
				ASSETCATALOG_COMPILER_APPICON_NAME = AppIcon;
				ASSETCATALOG_COMPILER_GLOBAL_ACCENT_COLOR_NAME = AccentColor;
				CODE_SIGN_STYLE = Automatic;
				CURRENT_PROJECT_VERSION = 1;
				DEVELOPMENT_ASSET_PATHS = "\"Tracker/Preview Content\"";
				ENABLE_PREVIEWS = YES;
				GENERATE_INFOPLIST_FILE = YES;
				INFOPLIST_FILE = Tracker/Info.plist;
				INFOPLIST_KEY_NSRemindersUsageDescription = "Need to access reminders";
				INFOPLIST_KEY_UIApplicationSupportsIndirectInputEvents = YES;
				INFOPLIST_KEY_UILaunchScreen_Generation = YES;
				INFOPLIST_KEY_UISupportedInterfaceOrientations_iPad = "UIInterfaceOrientationPortrait UIInterfaceOrientationPortraitUpsideDown UIInterfaceOrientationLandscapeLeft UIInterfaceOrientationLandscapeRight";
				INFOPLIST_KEY_UISupportedInterfaceOrientations_iPhone = "UIInterfaceOrientationPortrait UIInterfaceOrientationLandscapeLeft UIInterfaceOrientationLandscapeRight";
				LD_RUNPATH_SEARCH_PATHS = (
					"$(inherited)",
					"@executable_path/Frameworks",
				);
				MARKETING_VERSION = 1.0;
				PRODUCT_BUNDLE_IDENTIFIER = com.danielau.Tracker;
				PRODUCT_NAME = "$(TARGET_NAME)";
				SWIFT_EMIT_LOC_STRINGS = YES;
				SWIFT_VERSION = 5.0;
				TARGETED_DEVICE_FAMILY = "1,2";
			};
			name = Debug;
		};
		C56D5B2B299EACD3002D10EE /* Release */ = {
			isa = XCBuildConfiguration;
			buildSettings = {
				ASSETCATALOG_COMPILER_APPICON_NAME = AppIcon;
				ASSETCATALOG_COMPILER_GLOBAL_ACCENT_COLOR_NAME = AccentColor;
				CODE_SIGN_STYLE = Automatic;
				CURRENT_PROJECT_VERSION = 1;
				DEVELOPMENT_ASSET_PATHS = "\"Tracker/Preview Content\"";
				ENABLE_PREVIEWS = YES;
				GENERATE_INFOPLIST_FILE = YES;
				INFOPLIST_FILE = Tracker/Info.plist;
				INFOPLIST_KEY_NSRemindersUsageDescription = "Need to access reminders";
				INFOPLIST_KEY_UIApplicationSupportsIndirectInputEvents = YES;
				INFOPLIST_KEY_UILaunchScreen_Generation = YES;
				INFOPLIST_KEY_UISupportedInterfaceOrientations_iPad = "UIInterfaceOrientationPortrait UIInterfaceOrientationPortraitUpsideDown UIInterfaceOrientationLandscapeLeft UIInterfaceOrientationLandscapeRight";
				INFOPLIST_KEY_UISupportedInterfaceOrientations_iPhone = "UIInterfaceOrientationPortrait UIInterfaceOrientationLandscapeLeft UIInterfaceOrientationLandscapeRight";
				LD_RUNPATH_SEARCH_PATHS = (
					"$(inherited)",
					"@executable_path/Frameworks",
				);
				MARKETING_VERSION = 1.0;
				PRODUCT_BUNDLE_IDENTIFIER = com.danielau.Tracker;
				PRODUCT_NAME = "$(TARGET_NAME)";
				SWIFT_EMIT_LOC_STRINGS = YES;
				SWIFT_VERSION = 5.0;
				TARGETED_DEVICE_FAMILY = "1,2";
			};
			name = Release;
		};
/* End XCBuildConfiguration section */

/* Begin XCConfigurationList section */
		C56D5B11299EACD1002D10EE /* Build configuration list for PBXProject "Tracker" */ = {
			isa = XCConfigurationList;
			buildConfigurations = (
				C56D5B27299EACD3002D10EE /* Debug */,
				C56D5B28299EACD3002D10EE /* Release */,
			);
			defaultConfigurationIsVisible = 0;
			defaultConfigurationName = Release;
		};
		C56D5B29299EACD3002D10EE /* Build configuration list for PBXNativeTarget "Tracker" */ = {
			isa = XCConfigurationList;
			buildConfigurations = (
				C56D5B2A299EACD3002D10EE /* Debug */,
				C56D5B2B299EACD3002D10EE /* Release */,
			);
			defaultConfigurationIsVisible = 0;
			defaultConfigurationName = Release;
		};
/* End XCConfigurationList section */

/* Begin XCRemoteSwiftPackageReference section */
		C5A715CB29ABED4B007D9533 /* XCRemoteSwiftPackageReference "Fakery" */ = {
			isa = XCRemoteSwiftPackageReference;
			repositoryURL = "https://github.com/vadymmarkov/Fakery";
			requirement = {
				kind = upToNextMajorVersion;
				minimumVersion = 5.0.0;
			};
		};
		C5DC2E3D29A0197F0086DD55 /* XCRemoteSwiftPackageReference "google-api-objectivec-client-for-rest" */ = {
			isa = XCRemoteSwiftPackageReference;
			repositoryURL = "https://github.com/google/google-api-objectivec-client-for-rest";
			requirement = {
				branch = main;
				kind = branch;
			};
		};
		C5DC2E4029A0296B0086DD55 /* XCRemoteSwiftPackageReference "GoogleSignIn-iOS" */ = {
			isa = XCRemoteSwiftPackageReference;
			repositoryURL = "https://github.com/google/GoogleSignIn-iOS";
			requirement = {
				kind = upToNextMajorVersion;
				minimumVersion = 7.0.0;
			};
		};
/* End XCRemoteSwiftPackageReference section */

/* Begin XCSwiftPackageProductDependency section */
		C5A715CC29ABED4B007D9533 /* Fakery */ = {
			isa = XCSwiftPackageProductDependency;
			package = C5A715CB29ABED4B007D9533 /* XCRemoteSwiftPackageReference "Fakery" */;
			productName = Fakery;
		};
		C5DC2E3E29A0197F0086DD55 /* GoogleAPIClientForREST_Calendar */ = {
			isa = XCSwiftPackageProductDependency;
			package = C5DC2E3D29A0197F0086DD55 /* XCRemoteSwiftPackageReference "google-api-objectivec-client-for-rest" */;
			productName = GoogleAPIClientForREST_Calendar;
		};
		C5DC2E4129A0296B0086DD55 /* GoogleSignIn */ = {
			isa = XCSwiftPackageProductDependency;
			package = C5DC2E4029A0296B0086DD55 /* XCRemoteSwiftPackageReference "GoogleSignIn-iOS" */;
			productName = GoogleSignIn;
		};
		C5DC2E4329A0296B0086DD55 /* GoogleSignInSwift */ = {
			isa = XCSwiftPackageProductDependency;
			package = C5DC2E4029A0296B0086DD55 /* XCRemoteSwiftPackageReference "GoogleSignIn-iOS" */;
			productName = GoogleSignInSwift;
		};
/* End XCSwiftPackageProductDependency section */

/* Begin XCVersionGroup section */
		C56D5B24299EACD3002D10EE /* Tracker.xcdatamodeld */ = {
			isa = XCVersionGroup;
			children = (
				C56D5B25299EACD3002D10EE /* Tracker.xcdatamodel */,
			);
			currentVersion = C56D5B25299EACD3002D10EE /* Tracker.xcdatamodel */;
			path = Tracker.xcdatamodeld;
			sourceTree = "<group>";
			versionGroupType = wrapper.xcdatamodel;
		};
/* End XCVersionGroup section */
	};
	rootObject = C56D5B0E299EACD1002D10EE /* Project object */;
}
